
Microsoft Visual Studio Solution File, Format Version 12.00
# Visual Studio Version 17
VisualStudioVersion = 17.6.33829.357
MinimumVisualStudioVersion = 10.0.40219.1
Project("{FAE04EC0-301F-11D3-BF4B-00C04F79EFBC}") = "MailingAppMVC", "MailingAppMVC\MailingAppMVC.csproj", "{B638B152-6D0A-4854-B263-798FED2B56CB}"
	ProjectSection(ProjectDependencies) = postProject
		{8F1B71E9-7073-49DD-A9E5-81C776171A90} = {8F1B71E9-7073-49DD-A9E5-81C776171A90}
		{EE3E470E-C938-4914-A0E7-88690EC1DAE4} = {EE3E470E-C938-4914-A0E7-88690EC1DAE4}
	EndProjectSection
EndProject
Project("{FAE04EC0-301F-11D3-BF4B-00C04F79EFBC}") = "EmailSender", "EmailSender\EmailSender.csproj", "{EE3E470E-C938-4914-A0E7-88690EC1DAE4}"
EndProject
Project("{FAE04EC0-301F-11D3-BF4B-00C04F79EFBC}") = "Cipher", "Cipher\Cipher.csproj", "{8F1B71E9-7073-49DD-A9E5-81C776171A90}"
EndProject
Global
	GlobalSection(SolutionConfigurationPlatforms) = preSolution
		Debug|Any CPU = Debug|Any CPU
		Release|Any CPU = Release|Any CPU
	EndGlobalSection
	GlobalSection(ProjectConfigurationPlatforms) = postSolution
		{B638B152-6D0A-4854-B263-798FED2B56CB}.Debug|Any CPU.ActiveCfg = Debug|Any CPU
		{B638B152-6D0A-4854-B263-798FED2B56CB}.Debug|Any CPU.Build.0 = Debug|Any CPU
		{B638B152-6D0A-4854-B263-798FED2B56CB}.Release|Any CPU.ActiveCfg = Release|Any CPU
		{B638B152-6D0A-4854-B263-798FED2B56CB}.Release|Any CPU.Build.0 = Release|Any CPU
		{EE3E470E-C938-4914-A0E7-88690EC1DAE4}.Debug|Any CPU.ActiveCfg = Debug|Any CPU
		{EE3E470E-C938-4914-A0E7-88690EC1DAE4}.Debug|Any CPU.Build.0 = Debug|Any CPU
		{EE3E470E-C938-4914-A0E7-88690EC1DAE4}.Release|Any CPU.ActiveCfg = Release|Any CPU
		{EE3E470E-C938-4914-A0E7-88690EC1DAE4}.Release|Any CPU.Build.0 = Release|Any CPU
		{8F1B71E9-7073-49DD-A9E5-81C776171A90}.Debug|Any CPU.ActiveCfg = Debug|Any CPU
		{8F1B71E9-7073-49DD-A9E5-81C776171A90}.Debug|Any CPU.Build.0 = Debug|Any CPU
		{8F1B71E9-7073-49DD-A9E5-81C776171A90}.Release|Any CPU.ActiveCfg = Release|Any CPU
		{8F1B71E9-7073-49DD-A9E5-81C776171A90}.Release|Any CPU.Build.0 = Release|Any CPU
	EndGlobalSection
	GlobalSection(SolutionProperties) = preSolution
		HideSolutionNode = FALSE
	EndGlobalSection
	GlobalSection(ExtensibilityGlobals) = postSolution
		SolutionGuid = {BFF55CD8-CCDA-41D2-A6FB-F2D4600F3A2D}
	EndGlobalSection
EndGlobal
